
Microsoft Visual Studio Solution File, Format Version 12.00
# Visual Studio Version 17
VisualStudioVersion = 17.9.34723.18
MinimumVisualStudioVersion = 10.0.40219.1
Project("{FAE04EC0-301F-11D3-BF4B-00C04F79EFBC}") = "EFCoresFerro.Windows", "EFCoresFerro\EFCoresFerro.Windows.csproj", "{15878FD4-68AB-4C11-B473-B14290E27133}"
EndProject
Project("{FAE04EC0-301F-11D3-BF4B-00C04F79EFBC}") = "EFCoresFerro.Datos", "EFCoresFerro.Datos\EFCoresFerro.Datos.csproj", "{155369B2-EA43-416A-9AF5-B5C96A6F83B2}"
EndProject
Project("{FAE04EC0-301F-11D3-BF4B-00C04F79EFBC}") = "EFCoresFerro.Servicios", "EFCoresFerro.Servicios\EFCoresFerro.Servicios.csproj", "{6EB8E17A-E8D6-479D-8537-A8FDCF4DBFCE}"
EndProject
Project("{FAE04EC0-301F-11D3-BF4B-00C04F79EFBC}") = "EFCoresFerro.Entidades", "EFCoresFerro.Entidades\EFCoresFerro.Entidades.csproj", "{ACD953C2-EB9F-4EB5-9D9E-F019EA20E1BC}"
EndProject
Project("{FAE04EC0-301F-11D3-BF4B-00C04F79EFBC}") = "EFCoresFerro.loc", "EFCoresFerro.loc\EFCoresFerro.loc.csproj", "{7C984E56-E1AB-4E93-A156-EAD01A3F6611}"
EndProject
Global
	GlobalSection(SolutionConfigurationPlatforms) = preSolution
		Debug|Any CPU = Debug|Any CPU
		Release|Any CPU = Release|Any CPU
	EndGlobalSection
	GlobalSection(ProjectConfigurationPlatforms) = postSolution
		{15878FD4-68AB-4C11-B473-B14290E27133}.Debug|Any CPU.ActiveCfg = Debug|Any CPU
		{15878FD4-68AB-4C11-B473-B14290E27133}.Debug|Any CPU.Build.0 = Debug|Any CPU
		{15878FD4-68AB-4C11-B473-B14290E27133}.Release|Any CPU.ActiveCfg = Release|Any CPU
		{15878FD4-68AB-4C11-B473-B14290E27133}.Release|Any CPU.Build.0 = Release|Any CPU
		{155369B2-EA43-416A-9AF5-B5C96A6F83B2}.Debug|Any CPU.ActiveCfg = Debug|Any CPU
		{155369B2-EA43-416A-9AF5-B5C96A6F83B2}.Debug|Any CPU.Build.0 = Debug|Any CPU
		{155369B2-EA43-416A-9AF5-B5C96A6F83B2}.Release|Any CPU.ActiveCfg = Release|Any CPU
		{155369B2-EA43-416A-9AF5-B5C96A6F83B2}.Release|Any CPU.Build.0 = Release|Any CPU
		{6EB8E17A-E8D6-479D-8537-A8FDCF4DBFCE}.Debug|Any CPU.ActiveCfg = Debug|Any CPU
		{6EB8E17A-E8D6-479D-8537-A8FDCF4DBFCE}.Debug|Any CPU.Build.0 = Debug|Any CPU
		{6EB8E17A-E8D6-479D-8537-A8FDCF4DBFCE}.Release|Any CPU.ActiveCfg = Release|Any CPU
		{6EB8E17A-E8D6-479D-8537-A8FDCF4DBFCE}.Release|Any CPU.Build.0 = Release|Any CPU
		{ACD953C2-EB9F-4EB5-9D9E-F019EA20E1BC}.Debug|Any CPU.ActiveCfg = Debug|Any CPU
		{ACD953C2-EB9F-4EB5-9D9E-F019EA20E1BC}.Debug|Any CPU.Build.0 = Debug|Any CPU
		{ACD953C2-EB9F-4EB5-9D9E-F019EA20E1BC}.Release|Any CPU.ActiveCfg = Release|Any CPU
		{ACD953C2-EB9F-4EB5-9D9E-F019EA20E1BC}.Release|Any CPU.Build.0 = Release|Any CPU
		{7C984E56-E1AB-4E93-A156-EAD01A3F6611}.Debug|Any CPU.ActiveCfg = Debug|Any CPU
		{7C984E56-E1AB-4E93-A156-EAD01A3F6611}.Debug|Any CPU.Build.0 = Debug|Any CPU
		{7C984E56-E1AB-4E93-A156-EAD01A3F6611}.Release|Any CPU.ActiveCfg = Release|Any CPU
		{7C984E56-E1AB-4E93-A156-EAD01A3F6611}.Release|Any CPU.Build.0 = Release|Any CPU
	EndGlobalSection
	GlobalSection(SolutionProperties) = preSolution
		HideSolutionNode = FALSE
	EndGlobalSection
	GlobalSection(ExtensibilityGlobals) = postSolution
		SolutionGuid = {C6F6E89B-B50E-4F89-8501-945FF11E1098}
	EndGlobalSection
EndGlobal
